
Microsoft Visual Studio Solution File, Format Version 12.00
# Visual Studio Version 17
VisualStudioVersion = 17.5.33530.505
MinimumVisualStudioVersion = 10.0.40219.1
Project("{FAE04EC0-301F-11D3-BF4B-00C04F79EFBC}") = "Composizione Shop", "Composizione Shop\Composizione Shop.csproj", "{46AFBE70-236D-47D1-A37D-E578E5B7373F}"
EndProject
Global
	GlobalSection(SolutionConfigurationPlatforms) = preSolution
		Debug|Any CPU = Debug|Any CPU
		Release|Any CPU = Release|Any CPU
	EndGlobalSection
	GlobalSection(ProjectConfigurationPlatforms) = postSolution
		{46AFBE70-236D-47D1-A37D-E578E5B7373F}.Debug|Any CPU.ActiveCfg = Debug|Any CPU
		{46AFBE70-236D-47D1-A37D-E578E5B7373F}.Debug|Any CPU.Build.0 = Debug|Any CPU
		{46AFBE70-236D-47D1-A37D-E578E5B7373F}.Release|Any CPU.ActiveCfg = Release|Any CPU
		{46AFBE70-236D-47D1-A37D-E578E5B7373F}.Release|Any CPU.Build.0 = Release|Any CPU
	EndGlobalSection
	GlobalSection(SolutionProperties) = preSolution
		HideSolutionNode = FALSE
	EndGlobalSection
	GlobalSection(ExtensibilityGlobals) = postSolution
		SolutionGuid = {41EF2F32-4141-49C8-841C-3E21A7D295AF}
	EndGlobalSection
EndGlobal
